
Microsoft Visual Studio Solution File, Format Version 12.00
# Visual Studio Version 16
VisualStudioVersion = 16.0.30907.101
MinimumVisualStudioVersion = 10.0.40219.1
Project("{FAE04EC0-301F-11D3-BF4B-00C04F79EFBC}") = "FoodProductsWeb", "FoodProductsWeb\FoodProductsWeb.csproj", "{9EC99DBA-5E9A-4A3F-AD7E-831DC1D89AB8}"
EndProject
Global
	GlobalSection(SolutionConfigurationPlatforms) = preSolution
		Debug|Any CPU = Debug|Any CPU
		Release|Any CPU = Release|Any CPU
	EndGlobalSection
	GlobalSection(ProjectConfigurationPlatforms) = postSolution
		{9EC99DBA-5E9A-4A3F-AD7E-831DC1D89AB8}.Debug|Any CPU.ActiveCfg = Debug|Any CPU
		{9EC99DBA-5E9A-4A3F-AD7E-831DC1D89AB8}.Debug|Any CPU.Build.0 = Debug|Any CPU
		{9EC99DBA-5E9A-4A3F-AD7E-831DC1D89AB8}.Release|Any CPU.ActiveCfg = Release|Any CPU
		{9EC99DBA-5E9A-4A3F-AD7E-831DC1D89AB8}.Release|Any CPU.Build.0 = Release|Any CPU
	EndGlobalSection
	GlobalSection(SolutionProperties) = preSolution
		HideSolutionNode = FALSE
	EndGlobalSection
	GlobalSection(ExtensibilityGlobals) = postSolution
		SolutionGuid = {2ECECC76-6465-449C-9CDA-E6C0C25B58D0}
	EndGlobalSection
EndGlobal
